
Microsoft Visual Studio Solution File, Format Version 12.00
# Visual Studio Version 17
VisualStudioVersion = 17.0.32112.339
MinimumVisualStudioVersion = 10.0.40219.1
Project("{9A19103F-16F7-4668-BE54-9A1E7A4F7556}") = "ExchangeRatesBL", "ExchangeRatesBL\ExchangeRatesBL.csproj", "{ACC0239D-ADB4-4DA0-AC1D-D89864E0D3D3}"
EndProject
Project("{FAE04EC0-301F-11D3-BF4B-00C04F79EFBC}") = "ExchangeRatesApi", "ExchangeRatesApi\ExchangeRatesApi.csproj", "{8BE1D8BC-80D7-44BF-A15E-B5A8281F136B}"
EndProject
Global
	GlobalSection(SolutionConfigurationPlatforms) = preSolution
		Debug|Any CPU = Debug|Any CPU
		Release|Any CPU = Release|Any CPU
	EndGlobalSection
	GlobalSection(ProjectConfigurationPlatforms) = postSolution
		{ACC0239D-ADB4-4DA0-AC1D-D89864E0D3D3}.Debug|Any CPU.ActiveCfg = Debug|Any CPU
		{ACC0239D-ADB4-4DA0-AC1D-D89864E0D3D3}.Debug|Any CPU.Build.0 = Debug|Any CPU
		{ACC0239D-ADB4-4DA0-AC1D-D89864E0D3D3}.Release|Any CPU.ActiveCfg = Release|Any CPU
		{ACC0239D-ADB4-4DA0-AC1D-D89864E0D3D3}.Release|Any CPU.Build.0 = Release|Any CPU
		{8BE1D8BC-80D7-44BF-A15E-B5A8281F136B}.Debug|Any CPU.ActiveCfg = Debug|Any CPU
		{8BE1D8BC-80D7-44BF-A15E-B5A8281F136B}.Debug|Any CPU.Build.0 = Debug|Any CPU
		{8BE1D8BC-80D7-44BF-A15E-B5A8281F136B}.Release|Any CPU.ActiveCfg = Release|Any CPU
		{8BE1D8BC-80D7-44BF-A15E-B5A8281F136B}.Release|Any CPU.Build.0 = Release|Any CPU
	EndGlobalSection
	GlobalSection(SolutionProperties) = preSolution
		HideSolutionNode = FALSE
	EndGlobalSection
	GlobalSection(ExtensibilityGlobals) = postSolution
		SolutionGuid = {E1F40DEC-3AE1-4760-AFC2-549CAEE34BC1}
	EndGlobalSection
EndGlobal
